// !$*UTF8*$!
{
	archiveVersion = 1;
	classes = {
	};
	objectVersion = 50;
	objects = {

/* Begin PBXBuildFile section */
		03A80685270337AE00437BAC /* AppDelegate.swift in Sources */ = {isa = PBXBuildFile; fileRef = 03A80684270337AE00437BAC /* AppDelegate.swift */; };
		03A80687270337AE00437BAC /* SceneDelegate.swift in Sources */ = {isa = PBXBuildFile; fileRef = 03A80686270337AE00437BAC /* SceneDelegate.swift */; };
		03A80689270337AE00437BAC /* ViewController.swift in Sources */ = {isa = PBXBuildFile; fileRef = 03A80688270337AE00437BAC /* ViewController.swift */; };
		03A8068C270337AE00437BAC /* Main.storyboard in Resources */ = {isa = PBXBuildFile; fileRef = 03A8068A270337AE00437BAC /* Main.storyboard */; };
		03A8068E270337B000437BAC /* Assets.xcassets in Resources */ = {isa = PBXBuildFile; fileRef = 03A8068D270337B000437BAC /* Assets.xcassets */; };
		03A80691270337B000437BAC /* LaunchScreen.storyboard in Resources */ = {isa = PBXBuildFile; fileRef = 03A8068F270337B000437BAC /* LaunchScreen.storyboard */; };
		03A8069C270337B100437BAC /* Test2Tests.swift in Sources */ = {isa = PBXBuildFile; fileRef = 03A8069B270337B100437BAC /* Test2Tests.swift */; };
		03A806A7270337B100437BAC /* Test2UITests.swift in Sources */ = {isa = PBXBuildFile; fileRef = 03A806A6270337B100437BAC /* Test2UITests.swift */; };
/* End PBXBuildFile section */

/* Begin PBXContainerItemProxy section */
		03A80698270337B100437BAC /* PBXContainerItemProxy */ = {
			isa = PBXContainerItemProxy;
			containerPortal = 03A80679270337AE00437BAC /* Project object */;
			proxyType = 1;
			remoteGlobalIDString = 03A80680270337AE00437BAC;
			remoteInfo = Test2;
		};
		03A806A3270337B100437BAC /* PBXContainerItemProxy */ = {
			isa = PBXContainerItemProxy;
			containerPortal = 03A80679270337AE00437BAC /* Project object */;
			proxyType = 1;
			remoteGlobalIDString = 03A80680270337AE00437BAC;
			remoteInfo = Test2;
		};
/* End PBXContainerItemProxy section */

/* Begin PBXFileReference section */
		03A80681270337AE00437BAC /* Test2.app */ = {isa = PBXFileReference; explicitFileType = wrapper.application; includeInIndex = 0; path = Test2.app; sourceTree = BUILT_PRODUCTS_DIR; };
		03A80684270337AE00437BAC /* AppDelegate.swift */ = {isa = PBXFileReference; lastKnownFileType = sourcecode.swift; path = AppDelegate.swift; sourceTree = "<group>"; };
		03A80686270337AE00437BAC /* SceneDelegate.swift */ = {isa = PBXFileReference; lastKnownFileType = sourcecode.swift; path = SceneDelegate.swift; sourceTree = "<group>"; };
		03A80688270337AE00437BAC /* ViewController.swift */ = {isa = PBXFileReference; lastKnownFileType = sourcecode.swift; path = ViewController.swift; sourceTree = "<group>"; };
		03A8068B270337AE00437BAC /* Base */ = {isa = PBXFileReference; lastKnownFileType = file.storyboard; name = Base; path = Base.lproj/Main.storyboard; sourceTree = "<group>"; };
		03A8068D270337B000437BAC /* Assets.xcassets */ = {isa = PBXFileReference; lastKnownFileType = folder.assetcatalog; path = Assets.xcassets; sourceTree = "<group>"; };
		03A80690270337B000437BAC /* Base */ = {isa = PBXFileReference; lastKnownFileType = file.storyboard; name = Base; path = Base.lproj/LaunchScreen.storyboard; sourceTree = "<group>"; };
		03A80692270337B000437BAC /* Info.plist */ = {isa = PBXFileReference; lastKnownFileType = text.plist.xml; path = Info.plist; sourceTree = "<group>"; };
		03A80697270337B100437BAC /* Test2Tests.xctest */ = {isa = PBXFileReference; explicitFileType = wrapper.cfbundle; includeInIndex = 0; path = Test2Tests.xctest; sourceTree = BUILT_PRODUCTS_DIR; };
		03A8069B270337B100437BAC /* Test2Tests.swift */ = {isa = PBXFileReference; lastKnownFileType = sourcecode.swift; path = Test2Tests.swift; sourceTree = "<group>"; };
		03A8069D270337B100437BAC /* Info.plist */ = {isa = PBXFileReference; lastKnownFileType = text.plist.xml; path = Info.plist; sourceTree = "<group>"; };
		03A806A2270337B100437BAC /* Test2UITests.xctest */ = {isa = PBXFileReference; explicitFileType = wrapper.cfbundle; includeInIndex = 0; path = Test2UITests.xctest; sourceTree = BUILT_PRODUCTS_DIR; };
		03A806A6270337B100437BAC /* Test2UITests.swift */ = {isa = PBXFileReference; lastKnownFileType = sourcecode.swift; path = Test2UITests.swift; sourceTree = "<group>"; };
		03A806A8270337B100437BAC /* Info.plist */ = {isa = PBXFileReference; lastKnownFileType = text.plist.xml; path = Info.plist; sourceTree = "<group>"; };
/* End PBXFileReference section */

/* Begin PBXFrameworksBuildPhase section */
		03A8067E270337AE00437BAC /* Frameworks */ = {
			isa = PBXFrameworksBuildPhase;
			buildActionMask = 2147483647;
			files = (
			);
			runOnlyForDeploymentPostprocessing = 0;
		};
		03A80694270337B100437BAC /* Frameworks */ = {
			isa = PBXFrameworksBuildPhase;
			buildActionMask = 2147483647;
			files = (
			);
			runOnlyForDeploymentPostprocessing = 0;
		};
		03A8069F270337B100437BAC /* Frameworks */ = {
			isa = PBXFrameworksBuildPhase;
			buildActionMask = 2147483647;
			files = (
			);
			runOnlyForDeploymentPostprocessing = 0;
		};
/* End PBXFrameworksBuildPhase section */

/* Begin PBXGroup section */
		03A80678270337AE00437BAC = {
			isa = PBXGroup;
			children = (
				03A80683270337AE00437BAC /* Test2 */,
				03A8069A270337B100437BAC /* Test2Tests */,
				03A806A5270337B100437BAC /* Test2UITests */,
				03A80682270337AE00437BAC /* Products */,
			);
			sourceTree = "<group>";
		};
		03A80682270337AE00437BAC /* Products */ = {
			isa = PBXGroup;
			children = (
				03A80681270337AE00437BAC /* Test2.app */,
				03A80697270337B100437BAC /* Test2Tests.xctest */,
				03A806A2270337B100437BAC /* Test2UITests.xctest */,
			);
			name = Products;
			sourceTree = "<group>";
		};
		03A80683270337AE00437BAC /* Test2 */ = {
			isa = PBXGroup;
			children = (
				03A80684270337AE00437BAC /* AppDelegate.swift */,
				03A80686270337AE00437BAC /* SceneDelegate.swift */,
				03A80688270337AE00437BAC /* ViewController.swift */,
				03A8068A270337AE00437BAC /* Main.storyboard */,
				03A8068D270337B000437BAC /* Assets.xcassets */,
				03A8068F270337B000437BAC /* LaunchScreen.storyboard */,
				03A80692270337B000437BAC /* Info.plist */,
			);
			path = Test2;
			sourceTree = "<group>";
		};
		03A8069A270337B100437BAC /* Test2Tests */ = {
			isa = PBXGroup;
			children = (
				03A8069B270337B100437BAC /* Test2Tests.swift */,
				03A8069D270337B100437BAC /* Info.plist */,
			);
			path = Test2Tests;
			sourceTree = "<group>";
		};
		03A806A5270337B100437BAC /* Test2UITests */ = {
			isa = PBXGroup;
			children = (
				03A806A6270337B100437BAC /* Test2UITests.swift */,
				03A806A8270337B100437BAC /* Info.plist */,
			);
			path = Test2UITests;
			sourceTree = "<group>";
		};
/* End PBXGroup section */

/* Begin PBXNativeTarget section */
		03A80680270337AE00437BAC /* Test2 */ = {
			isa = PBXNativeTarget;
			buildConfigurationList = 03A806AB270337B100437BAC /* Build configuration list for PBXNativeTarget "Test2" */;
			buildPhases = (
				03A8067D270337AE00437BAC /* Sources */,
				03A8067E270337AE00437BAC /* Frameworks */,
				03A8067F270337AE00437BAC /* Resources */,
			);
			buildRules = (
			);
			dependencies = (
			);
			name = Test2;
			productName = Test2;
			productReference = 03A80681270337AE00437BAC /* Test2.app */;
			productType = "com.apple.product-type.application";
		};
		03A80696270337B100437BAC /* Test2Tests */ = {
			isa = PBXNativeTarget;
			buildConfigurationList = 03A806AE270337B100437BAC /* Build configuration list for PBXNativeTarget "Test2Tests" */;
			buildPhases = (
				03A80693270337B100437BAC /* Sources */,
				03A80694270337B100437BAC /* Frameworks */,
				03A80695270337B100437BAC /* Resources */,
			);
			buildRules = (
			);
			dependencies = (
				03A80699270337B100437BAC /* PBXTargetDependency */,
			);
			name = Test2Tests;
			productName = Test2Tests;
			productReference = 03A80697270337B100437BAC /* Test2Tests.xctest */;
			productType = "com.apple.product-type.bundle.unit-test";
		};
		03A806A1270337B100437BAC /* Test2UITests */ = {
			isa = PBXNativeTarget;
			buildConfigurationList = 03A806B1270337B100437BAC /* Build configuration list for PBXNativeTarget "Test2UITests" */;
			buildPhases = (
				03A8069E270337B100437BAC /* Sources */,
				03A8069F270337B100437BAC /* Frameworks */,
				03A806A0270337B100437BAC /* Resources */,
			);
			buildRules = (
			);
			dependencies = (
				03A806A4270337B100437BAC /* PBXTargetDependency */,
			);
			name = Test2UITests;
			productName = Test2UITests;
			productReference = 03A806A2270337B100437BAC /* Test2UITests.xctest */;
			productType = "com.apple.product-type.bundle.ui-testing";
		};
/* End PBXNativeTarget section */

/* Begin PBXProject section */
		03A80679270337AE00437BAC /* Project object */ = {
			isa = PBXProject;
			attributes = {
				LastSwiftUpdateCheck = 1250;
				LastUpgradeCheck = 1250;
				TargetAttributes = {
					03A80680270337AE00437BAC = {
						CreatedOnToolsVersion = 12.5;
					};
					03A80696270337B100437BAC = {
						CreatedOnToolsVersion = 12.5;
						TestTargetID = 03A80680270337AE00437BAC;
					};
					03A806A1270337B100437BAC = {
						CreatedOnToolsVersion = 12.5;
						TestTargetID = 03A80680270337AE00437BAC;
					};
				};
			};
			buildConfigurationList = 03A8067C270337AE00437BAC /* Build configuration list for PBXProject "Test2" */;
			compatibilityVersion = "Xcode 9.3";
			developmentRegion = en;
			hasScannedForEncodings = 0;
			knownRegions = (
				en,
				Base,
			);
			mainGroup = 03A80678270337AE00437BAC;
			productRefGroup = 03A80682270337AE00437BAC /* Products */;
			projectDirPath = "";
			projectRoot = "";
			targets = (
				03A80680270337AE00437BAC /* Test2 */,
				03A80696270337B100437BAC /* Test2Tests */,
				03A806A1270337B100437BAC /* Test2UITests */,
			);
		};
/* End PBXProject section */

/* Begin PBXResourcesBuildPhase section */
		03A8067F270337AE00437BAC /* Resources */ = {
			isa = PBXResourcesBuildPhase;
			buildActionMask = 2147483647;
			files = (
				03A80691270337B000437BAC /* LaunchScreen.storyboard in Resources */,
				03A8068E270337B000437BAC /* Assets.xcassets in Resources */,
				03A8068C270337AE00437BAC /* Main.storyboard in Resources */,
			);
			runOnlyForDeploymentPostprocessing = 0;
		};
		03A80695270337B100437BAC /* Resources */ = {
			isa = PBXResourcesBuildPhase;
			buildActionMask = 2147483647;
			files = (
			);
			runOnlyForDeploymentPostprocessing = 0;
		};
		03A806A0270337B100437BAC /* Resources */ = {
			isa = PBXResourcesBuildPhase;
			buildActionMask = 2147483647;
			files = (
			);
			runOnlyForDeploymentPostprocessing = 0;
		};
/* End PBXResourcesBuildPhase section */

/* Begin PBXSourcesBuildPhase section */
		03A8067D270337AE00437BAC /* Sources */ = {
			isa = PBXSourcesBuildPhase;
			buildActionMask = 2147483647;
			files = (
				03A80689270337AE00437BAC /* ViewController.swift in Sources */,
				03A80685270337AE00437BAC /* AppDelegate.swift in Sources */,
				03A80687270337AE00437BAC /* SceneDelegate.swift in Sources */,
			);
			runOnlyForDeploymentPostprocessing = 0;
		};
		03A80693270337B100437BAC /* Sources */ = {
			isa = PBXSourcesBuildPhase;
			buildActionMask = 2147483647;
			files = (
				03A8069C270337B100437BAC /* Test2Tests.swift in Sources */,
			);
			runOnlyForDeploymentPostprocessing = 0;
		};
		03A8069E270337B100437BAC /* Sources */ = {
			isa = PBXSourcesBuildPhase;
			buildActionMask = 2147483647;
			files = (
				03A806A7270337B100437BAC /* Test2UITests.swift in Sources */,
			);
			runOnlyForDeploymentPostprocessing = 0;
		};
/* End PBXSourcesBuildPhase section */

/* Begin PBXTargetDependency section */
		03A80699270337B100437BAC /* PBXTargetDependency */ = {
			isa = PBXTargetDependency;
			target = 03A80680270337AE00437BAC /* Test2 */;
			targetProxy = 03A80698270337B100437BAC /* PBXContainerItemProxy */;
		};
		03A806A4270337B100437BAC /* PBXTargetDependency */ = {
			isa = PBXTargetDependency;
			target = 03A80680270337AE00437BAC /* Test2 */;
			targetProxy = 03A806A3270337B100437BAC /* PBXContainerItemProxy */;
		};
/* End PBXTargetDependency section */

/* Begin PBXVariantGroup section */
		03A8068A270337AE00437BAC /* Main.storyboard */ = {
			isa = PBXVariantGroup;
			children = (
				03A8068B270337AE00437BAC /* Base */,
			);
			name = Main.storyboard;
			sourceTree = "<group>";
		};
		03A8068F270337B000437BAC /* LaunchScreen.storyboard */ = {
			isa = PBXVariantGroup;
			children = (
				03A80690270337B000437BAC /* Base */,
			);
			name = LaunchScreen.storyboard;
			sourceTree = "<group>";
		};
/* End PBXVariantGroup section */

/* Begin XCBuildConfiguration section */
		03A806A9270337B100437BAC /* Debug */ = {
			isa = XCBuildConfiguration;
			buildSettings = {
				ALWAYS_SEARCH_USER_PATHS = NO;
				CLANG_ANALYZER_NONNULL = YES;
				CLANG_ANALYZER_NUMBER_OBJECT_CONVERSION = YES_AGGRESSIVE;
				CLANG_CXX_LANGUAGE_STANDARD = "gnu++14";
				CLANG_CXX_LIBRARY = "libc++";
				CLANG_ENABLE_MODULES = YES;
				CLANG_ENABLE_OBJC_ARC = YES;
				CLANG_ENABLE_OBJC_WEAK = YES;
				CLANG_WARN_BLOCK_CAPTURE_AUTORELEASING = YES;
				CLANG_WARN_BOOL_CONVERSION = YES;
				CLANG_WARN_COMMA = YES;
				CLANG_WARN_CONSTANT_CONVERSION = YES;
				CLANG_WARN_DEPRECATED_OBJC_IMPLEMENTATIONS = YES;
				CLANG_WARN_DIRECT_OBJC_ISA_USAGE = YES_ERROR;
				CLANG_WARN_DOCUMENTATION_COMMENTS = YES;
				CLANG_WARN_EMPTY_BODY = YES;
				CLANG_WARN_ENUM_CONVERSION = YES;
				CLANG_WARN_INFINITE_RECURSION = YES;
				CLANG_WARN_INT_CONVERSION = YES;
				CLANG_WARN_NON_LITERAL_NULL_CONVERSION = YES;
				CLANG_WARN_OBJC_IMPLICIT_RETAIN_SELF = YES;
				CLANG_WARN_OBJC_LITERAL_CONVERSION = YES;
				CLANG_WARN_OBJC_ROOT_CLASS = YES_ERROR;
				CLANG_WARN_QUOTED_INCLUDE_IN_FRAMEWORK_HEADER = YES;
				CLANG_WARN_RANGE_LOOP_ANALYSIS = YES;
				CLANG_WARN_STRICT_PROTOTYPES = YES;
				CLANG_WARN_SUSPICIOUS_MOVE = YES;
				CLANG_WARN_UNGUARDED_AVAILABILITY = YES_AGGRESSIVE;
				CLANG_WARN_UNREACHABLE_CODE = YES;
				CLANG_WARN__DUPLICATE_METHOD_MATCH = YES;
				COPY_PHASE_STRIP = NO;
				DEBUG_INFORMATION_FORMAT = dwarf;
				ENABLE_STRICT_OBJC_MSGSEND = YES;
				ENABLE_TESTABILITY = YES;
				GCC_C_LANGUAGE_STANDARD = gnu11;
				GCC_DYNAMIC_NO_PIC = NO;
				GCC_NO_COMMON_BLOCKS = YES;
				GCC_OPTIMIZATION_LEVEL = 0;
				GCC_PREPROCESSOR_DEFINITIONS = (
					"DEBUG=1",
					"$(inherited)",
				);
				GCC_WARN_64_TO_32_BIT_CONVERSION = YES;
				GCC_WARN_ABOUT_RETURN_TYPE = YES_ERROR;
				GCC_WARN_UNDECLARED_SELECTOR = YES;
				GCC_WARN_UNINITIALIZED_AUTOS = YES_AGGRESSIVE;
				GCC_WARN_UNUSED_FUNCTION = YES;
				GCC_WARN_UNUSED_VARIABLE = YES;
				IPHONEOS_DEPLOYMENT_TARGET = 14.5;
				MTL_ENABLE_DEBUG_INFO = INCLUDE_SOURCE;
				MTL_FAST_MATH = YES;
				ONLY_ACTIVE_ARCH = YES;
				SDKROOT = iphoneos;
				SWIFT_ACTIVE_COMPILATION_CONDITIONS = DEBUG;
				SWIFT_OPTIMIZATION_LEVEL = "-Onone";
			};
			name = Debug;
		};
		03A806AA270337B100437BAC /* Release */ = {
			isa = XCBuildConfiguration;
			buildSettings = {
				ALWAYS_SEARCH_USER_PATHS = NO;
				CLANG_ANALYZER_NONNULL = YES;
				CLANG_ANALYZER_NUMBER_OBJECT_CONVERSION = YES_AGGRESSIVE;
				CLANG_CXX_LANGUAGE_STANDARD = "gnu++14";
				CLANG_CXX_LIBRARY = "libc++";
				CLANG_ENABLE_MODULES = YES;
				CLANG_ENABLE_OBJC_ARC = YES;
				CLANG_ENABLE_OBJC_WEAK = YES;
				CLANG_WARN_BLOCK_CAPTURE_AUTORELEASING = YES;
				CLANG_WARN_BOOL_CONVERSION = YES;
				CLANG_WARN_COMMA = YES;
				CLANG_WARN_CONSTANT_CONVERSION = YES;
				CLANG_WARN_DEPRECATED_OBJC_IMPLEMENTATIONS = YES;
				CLANG_WARN_DIRECT_OBJC_ISA_USAGE = YES_ERROR;
				CLANG_WARN_DOCUMENTATION_COMMENTS = YES;
				CLANG_WARN_EMPTY_BODY = YES;
				CLANG_WARN_ENUM_CONVERSION = YES;
				CLANG_WARN_INFINITE_RECURSION = YES;
				CLANG_WARN_INT_CONVERSION = YES;
				CLANG_WARN_NON_LITERAL_NULL_CONVERSION = YES;
				CLANG_WARN_OBJC_IMPLICIT_RETAIN_SELF = YES;
				CLANG_WARN_OBJC_LITERAL_CONVERSION = YES;
				CLANG_WARN_OBJC_ROOT_CLASS = YES_ERROR;
				CLANG_WARN_QUOTED_INCLUDE_IN_FRAMEWORK_HEADER = YES;
				CLANG_WARN_RANGE_LOOP_ANALYSIS = YES;
				CLANG_WARN_STRICT_PROTOTYPES = YES;
				CLANG_WARN_SUSPICIOUS_MOVE = YES;
				CLANG_WARN_UNGUARDED_AVAILABILITY = YES_AGGRESSIVE;
				CLANG_WARN_UNREACHABLE_CODE = YES;
				CLANG_WARN__DUPLICATE_METHOD_MATCH = YES;
				COPY_PHASE_STRIP = NO;
				DEBUG_INFORMATION_FORMAT = "dwarf-with-dsym";
				ENABLE_NS_ASSERTIONS = NO;
				ENABLE_STRICT_OBJC_MSGSEND = YES;
				GCC_C_LANGUAGE_STANDARD = gnu11;
				GCC_NO_COMMON_BLOCKS = YES;
				GCC_WARN_64_TO_32_BIT_CONVERSION = YES;
				GCC_WARN_ABOUT_RETURN_TYPE = YES_ERROR;
				GCC_WARN_UNDECLARED_SELECTOR = YES;
				GCC_WARN_UNINITIALIZED_AUTOS = YES_AGGRESSIVE;
				GCC_WARN_UNUSED_FUNCTION = YES;
				GCC_WARN_UNUSED_VARIABLE = YES;
				IPHONEOS_DEPLOYMENT_TARGET = 14.5;
				MTL_ENABLE_DEBUG_INFO = NO;
				MTL_FAST_MATH = YES;
				SDKROOT = iphoneos;
				SWIFT_COMPILATION_MODE = wholemodule;
				SWIFT_OPTIMIZATION_LEVEL = "-O";
				VALIDATE_PRODUCT = YES;
			};
			name = Release;
		};
		03A806AC270337B100437BAC /* Debug */ = {
			isa = XCBuildConfiguration;
			buildSettings = {
				ASSETCATALOG_COMPILER_APPICON_NAME = AppIcon;
				ASSETCATALOG_COMPILER_GLOBAL_ACCENT_COLOR_NAME = AccentColor;
				CODE_SIGN_STYLE = Automatic;
				DEVELOPMENT_TEAM = 532NRWLQ2D;
				INFOPLIST_FILE = Test2/Info.plist;
				LD_RUNPATH_SEARCH_PATHS = (
					"$(inherited)",
					"@executable_path/Frameworks",
				);
				PRODUCT_BUNDLE_IDENTIFIER = com.brainstorm.Test2;
				PRODUCT_NAME = "$(TARGET_NAME)";
				SWIFT_VERSION = 5.0;
				TARGETED_DEVICE_FAMILY = "1,2";
			};
			name = Debug;
		};
		03A806AD270337B100437BAC /* Release */ = {
			isa = XCBuildConfiguration;
			buildSettings = {
				ASSETCATALOG_COMPILER_APPICON_NAME = AppIcon;
				ASSETCATALOG_COMPILER_GLOBAL_ACCENT_COLOR_NAME = AccentColor;
				CODE_SIGN_STYLE = Automatic;
				DEVELOPMENT_TEAM = 532NRWLQ2D;
				INFOPLIST_FILE = Test2/Info.plist;
				LD_RUNPATH_SEARCH_PATHS = (
					"$(inherited)",
					"@executable_path/Frameworks",
				);
				PRODUCT_BUNDLE_IDENTIFIER = com.brainstorm.Test2;
				PRODUCT_NAME = "$(TARGET_NAME)";
				SWIFT_VERSION = 5.0;
				TARGETED_DEVICE_FAMILY = "1,2";
			};
			name = Release;
		};
		03A806AF270337B100437BAC /* Debug */ = {
			isa = XCBuildConfiguration;
			buildSettings = {
				ALWAYS_EMBED_SWIFT_STANDARD_LIBRARIES = YES;
				BUNDLE_LOADER = "$(TEST_HOST)";
				CODE_SIGN_STYLE = Automatic;
				DEVELOPMENT_TEAM = 532NRWLQ2D;
				INFOPLIST_FILE = Test2Tests/Info.plist;
				IPHONEOS_DEPLOYMENT_TARGET = 14.5;
				LD_RUNPATH_SEARCH_PATHS = (
					"$(inherited)",
					"@executable_path/Frameworks",
					"@loader_path/Frameworks",
				);
				PRODUCT_BUNDLE_IDENTIFIER = com.brainstorm.Test2Tests;
				PRODUCT_NAME = "$(TARGET_NAME)";
				SWIFT_VERSION = 5.0;
				TARGETED_DEVICE_FAMILY = "1,2";
				TEST_HOST = "$(BUILT_PRODUCTS_DIR)/Test2.app/Test2";
			};
			name = Debug;
		};
		03A806B0270337B100437BAC /* Release */ = {
			isa = XCBuildConfiguration;
			buildSettings = {
				ALWAYS_EMBED_SWIFT_STANDARD_LIBRARIES = YES;
				BUNDLE_LOADER = "$(TEST_HOST)";
				CODE_SIGN_STYLE = Automatic;
				DEVELOPMENT_TEAM = 532NRWLQ2D;
				INFOPLIST_FILE = Test2Tests/Info.plist;
				IPHONEOS_DEPLOYMENT_TARGET = 14.5;
				LD_RUNPATH_SEARCH_PATHS = (
					"$(inherited)",
					"@executable_path/Frameworks",
					"@loader_path/Frameworks",
				);
				PRODUCT_BUNDLE_IDENTIFIER = com.brainstorm.Test2Tests;
				PRODUCT_NAME = "$(TARGET_NAME)";
				SWIFT_VERSION = 5.0;
				TARGETED_DEVICE_FAMILY = "1,2";
				TEST_HOST = "$(BUILT_PRODUCTS_DIR)/Test2.app/Test2";
			};
			name = Release;
		};
		03A806B2270337B100437BAC /* Debug */ = {
			isa = XCBuildConfiguration;
			buildSettings = {
				ALWAYS_EMBED_SWIFT_STANDARD_LIBRARIES = YES;
				CODE_SIGN_STYLE = Automatic;
				DEVELOPMENT_TEAM = 532NRWLQ2D;
				INFOPLIST_FILE = Test2UITests/Info.plist;
				LD_RUNPATH_SEARCH_PATHS = (
					"$(inherited)",
					"@executable_path/Frameworks",
					"@loader_path/Frameworks",
				);
				PRODUCT_BUNDLE_IDENTIFIER = com.brainstorm.Test2UITests;
				PRODUCT_NAME = "$(TARGET_NAME)";
				SWIFT_VERSION = 5.0;
				TARGETED_DEVICE_FAMILY = "1,2";
				TEST_TARGET_NAME = Test2;
			};
			name = Debug;
		};
		03A806B3270337B100437BAC /* Release */ = {
			isa = XCBuildConfiguration;
			buildSettings = {
				ALWAYS_EMBED_SWIFT_STANDARD_LIBRARIES = YES;
				CODE_SIGN_STYLE = Automatic;
				DEVELOPMENT_TEAM = 532NRWLQ2D;
				INFOPLIST_FILE = Test2UITests/Info.plist;
				LD_RUNPATH_SEARCH_PATHS = (
					"$(inherited)",
					"@executable_path/Frameworks",
					"@loader_path/Frameworks",
				);
				PRODUCT_BUNDLE_IDENTIFIER = com.brainstorm.Test2UITests;
				PRODUCT_NAME = "$(TARGET_NAME)";
				SWIFT_VERSION = 5.0;
				TARGETED_DEVICE_FAMILY = "1,2";
				TEST_TARGET_NAME = Test2;
			};
			name = Release;
		};
/* End XCBuildConfiguration section */

/* Begin XCConfigurationList section */
		03A8067C270337AE00437BAC /* Build configuration list for PBXProject "Test2" */ = {
			isa = XCConfigurationList;
			buildConfigurations = (
				03A806A9270337B100437BAC /* Debug */,
				03A806AA270337B100437BAC /* Release */,
			);
			defaultConfigurationIsVisible = 0;
			defaultConfigurationName = Release;
		};
		03A806AB270337B100437BAC /* Build configuration list for PBXNativeTarget "Test2" */ = {
			isa = XCConfigurationList;
			buildConfigurations = (
				03A806AC270337B100437BAC /* Debug */,
				03A806AD270337B100437BAC /* Release */,
			);
			defaultConfigurationIsVisible = 0;
			defaultConfigurationName = Release;
		};
		03A806AE270337B100437BAC /* Build configuration list for PBXNativeTarget "Test2Tests" */ = {
			isa = XCConfigurationList;
			buildConfigurations = (
				03A806AF270337B100437BAC /* Debug */,
				03A806B0270337B100437BAC /* Release */,
			);
			defaultConfigurationIsVisible = 0;
			defaultConfigurationName = Release;
		};
		03A806B1270337B100437BAC /* Build configuration list for PBXNativeTarget "Test2UITests" */ = {
			isa = XCConfigurationList;
			buildConfigurations = (
				03A806B2270337B100437BAC /* Debug */,
				03A806B3270337B100437BAC /* Release */,
			);
			defaultConfigurationIsVisible = 0;
			defaultConfigurationName = Release;
		};
/* End XCConfigurationList section */
	};
	rootObject = 03A80679270337AE00437BAC /* Project object */;
}
